// !$*UTF8*$!
{
	archiveVersion = 1;
	classes = {
	};
	objectVersion = 56;
	objects = {

/* Begin PBXBuildFile section */
		958AA9C52CC7A37200C02A95 /* Todo_AppApp.swift in Sources */ = {isa = PBXBuildFile; fileRef = 958AA9C42CC7A37200C02A95 /* Todo_AppApp.swift */; };
		958AA9C72CC7A37200C02A95 /* ContentView.swift in Sources */ = {isa = PBXBuildFile; fileRef = 958AA9C62CC7A37200C02A95 /* ContentView.swift */; };
		958AA9C92CC7A37300C02A95 /* Assets.xcassets in Resources */ = {isa = PBXBuildFile; fileRef = 958AA9C82CC7A37300C02A95 /* Assets.xcassets */; };
		958AA9CD2CC7A37300C02A95 /* Preview Assets.xcassets in Resources */ = {isa = PBXBuildFile; fileRef = 958AA9CC2CC7A37300C02A95 /* Preview Assets.xcassets */; };
		958AA9D72CC7A37300C02A95 /* Todo_AppTests.swift in Sources */ = {isa = PBXBuildFile; fileRef = 958AA9D62CC7A37300C02A95 /* Todo_AppTests.swift */; };
		958AA9E12CC7A37300C02A95 /* Todo_AppUITests.swift in Sources */ = {isa = PBXBuildFile; fileRef = 958AA9E02CC7A37300C02A95 /* Todo_AppUITests.swift */; };
		958AA9E32CC7A37300C02A95 /* Todo_AppUITestsLaunchTests.swift in Sources */ = {isa = PBXBuildFile; fileRef = 958AA9E22CC7A37300C02A95 /* Todo_AppUITestsLaunchTests.swift */; };
		958AA9F72CC7A40000C02A95 /* AddTodoView.swift in Sources */ = {isa = PBXBuildFile; fileRef = 958AA9F62CC7A40000C02A95 /* AddTodoView.swift */; };
/* End PBXBuildFile section */

/* Begin PBXContainerItemProxy section */
		958AA9D32CC7A37300C02A95 /* PBXContainerItemProxy */ = {
			isa = PBXContainerItemProxy;
			containerPortal = 958AA9B92CC7A37200C02A95 /* Project object */;
			proxyType = 1;
			remoteGlobalIDString = 958AA9C02CC7A37200C02A95;
			remoteInfo = "Todo App";
		};
		958AA9DD2CC7A37300C02A95 /* PBXContainerItemProxy */ = {
			isa = PBXContainerItemProxy;
			containerPortal = 958AA9B92CC7A37200C02A95 /* Project object */;
			proxyType = 1;
			remoteGlobalIDString = 958AA9C02CC7A37200C02A95;
			remoteInfo = "Todo App";
		};
/* End PBXContainerItemProxy section */

/* Begin PBXFileReference section */
		958AA9C12CC7A37200C02A95 /* Todo App.app */ = {isa = PBXFileReference; explicitFileType = wrapper.application; includeInIndex = 0; path = "Todo App.app"; sourceTree = BUILT_PRODUCTS_DIR; };
		958AA9C42CC7A37200C02A95 /* Todo_AppApp.swift */ = {isa = PBXFileReference; lastKnownFileType = sourcecode.swift; path = Todo_AppApp.swift; sourceTree = "<group>"; };
		958AA9C62CC7A37200C02A95 /* ContentView.swift */ = {isa = PBXFileReference; lastKnownFileType = sourcecode.swift; path = ContentView.swift; sourceTree = "<group>"; };
		958AA9C82CC7A37300C02A95 /* Assets.xcassets */ = {isa = PBXFileReference; lastKnownFileType = folder.assetcatalog; path = Assets.xcassets; sourceTree = "<group>"; };
		958AA9CA2CC7A37300C02A95 /* Todo_App.entitlements */ = {isa = PBXFileReference; lastKnownFileType = text.plist.entitlements; path = Todo_App.entitlements; sourceTree = "<group>"; };
		958AA9CC2CC7A37300C02A95 /* Preview Assets.xcassets */ = {isa = PBXFileReference; lastKnownFileType = folder.assetcatalog; path = "Preview Assets.xcassets"; sourceTree = "<group>"; };
		958AA9D22CC7A37300C02A95 /* Todo AppTests.xctest */ = {isa = PBXFileReference; explicitFileType = wrapper.cfbundle; includeInIndex = 0; path = "Todo AppTests.xctest"; sourceTree = BUILT_PRODUCTS_DIR; };
		958AA9D62CC7A37300C02A95 /* Todo_AppTests.swift */ = {isa = PBXFileReference; lastKnownFileType = sourcecode.swift; path = Todo_AppTests.swift; sourceTree = "<group>"; };
		958AA9DC2CC7A37300C02A95 /* Todo AppUITests.xctest */ = {isa = PBXFileReference; explicitFileType = wrapper.cfbundle; includeInIndex = 0; path = "Todo AppUITests.xctest"; sourceTree = BUILT_PRODUCTS_DIR; };
		958AA9E02CC7A37300C02A95 /* Todo_AppUITests.swift */ = {isa = PBXFileReference; lastKnownFileType = sourcecode.swift; path = Todo_AppUITests.swift; sourceTree = "<group>"; };
		958AA9E22CC7A37300C02A95 /* Todo_AppUITestsLaunchTests.swift */ = {isa = PBXFileReference; lastKnownFileType = sourcecode.swift; path = Todo_AppUITestsLaunchTests.swift; sourceTree = "<group>"; };
		958AA9F62CC7A40000C02A95 /* AddTodoView.swift */ = {isa = PBXFileReference; lastKnownFileType = sourcecode.swift; path = AddTodoView.swift; sourceTree = "<group>"; };
/* End PBXFileReference section */

/* Begin PBXFrameworksBuildPhase section */
		958AA9BE2CC7A37200C02A95 /* Frameworks */ = {
			isa = PBXFrameworksBuildPhase;
			buildActionMask = 2147483647;
			files = (
			);
			runOnlyForDeploymentPostprocessing = 0;
		};
		958AA9CF2CC7A37300C02A95 /* Frameworks */ = {
			isa = PBXFrameworksBuildPhase;
			buildActionMask = 2147483647;
			files = (
			);
			runOnlyForDeploymentPostprocessing = 0;
		};
		958AA9D92CC7A37300C02A95 /* Frameworks */ = {
			isa = PBXFrameworksBuildPhase;
			buildActionMask = 2147483647;
			files = (
			);
			runOnlyForDeploymentPostprocessing = 0;
		};
/* End PBXFrameworksBuildPhase section */

/* Begin PBXGroup section */
		958AA9B82CC7A37200C02A95 = {
			isa = PBXGroup;
			children = (
				958AA9C32CC7A37200C02A95 /* Todo App */,
				958AA9D52CC7A37300C02A95 /* Todo AppTests */,
				958AA9DF2CC7A37300C02A95 /* Todo AppUITests */,
				958AA9C22CC7A37200C02A95 /* Products */,
			);
			sourceTree = "<group>";
		};
		958AA9C22CC7A37200C02A95 /* Products */ = {
			isa = PBXGroup;
			children = (
				958AA9C12CC7A37200C02A95 /* Todo App.app */,
				958AA9D22CC7A37300C02A95 /* Todo AppTests.xctest */,
				958AA9DC2CC7A37300C02A95 /* Todo AppUITests.xctest */,
			);
			name = Products;
			sourceTree = "<group>";
		};
		958AA9C32CC7A37200C02A95 /* Todo App */ = {
			isa = PBXGroup;
			children = (
				958AA9EF2CC7A3A300C02A95 /* View */,
				958AA9C42CC7A37200C02A95 /* Todo_AppApp.swift */,
				958AA9C82CC7A37300C02A95 /* Assets.xcassets */,
				958AA9CA2CC7A37300C02A95 /* Todo_App.entitlements */,
				958AA9CB2CC7A37300C02A95 /* Preview Content */,
			);
			path = "Todo App";
			sourceTree = "<group>";
		};
		958AA9CB2CC7A37300C02A95 /* Preview Content */ = {
			isa = PBXGroup;
			children = (
				958AA9CC2CC7A37300C02A95 /* Preview Assets.xcassets */,
			);
			path = "Preview Content";
			sourceTree = "<group>";
		};
		958AA9D52CC7A37300C02A95 /* Todo AppTests */ = {
			isa = PBXGroup;
			children = (
				958AA9D62CC7A37300C02A95 /* Todo_AppTests.swift */,
			);
			path = "Todo AppTests";
			sourceTree = "<group>";
		};
		958AA9DF2CC7A37300C02A95 /* Todo AppUITests */ = {
			isa = PBXGroup;
			children = (
				958AA9E02CC7A37300C02A95 /* Todo_AppUITests.swift */,
				958AA9E22CC7A37300C02A95 /* Todo_AppUITestsLaunchTests.swift */,
			);
			path = "Todo AppUITests";
			sourceTree = "<group>";
		};
		958AA9EF2CC7A3A300C02A95 /* View */ = {
			isa = PBXGroup;
			children = (
				958AA9C62CC7A37200C02A95 /* ContentView.swift */,
				958AA9F62CC7A40000C02A95 /* AddTodoView.swift */,
			);
			path = View;
			sourceTree = "<group>";
		};
/* End PBXGroup section */

/* Begin PBXNativeTarget section */
		958AA9C02CC7A37200C02A95 /* Todo App */ = {
			isa = PBXNativeTarget;
			buildConfigurationList = 958AA9E62CC7A37300C02A95 /* Build configuration list for PBXNativeTarget "Todo App" */;
			buildPhases = (
				958AA9BD2CC7A37200C02A95 /* Sources */,
				958AA9BE2CC7A37200C02A95 /* Frameworks */,
				958AA9BF2CC7A37200C02A95 /* Resources */,
			);
			buildRules = (
			);
			dependencies = (
			);
			name = "Todo App";
			productName = "Todo App";
			productReference = 958AA9C12CC7A37200C02A95 /* Todo App.app */;
			productType = "com.apple.product-type.application";
		};
		958AA9D12CC7A37300C02A95 /* Todo AppTests */ = {
			isa = PBXNativeTarget;
			buildConfigurationList = 958AA9E92CC7A37300C02A95 /* Build configuration list for PBXNativeTarget "Todo AppTests" */;
			buildPhases = (
				958AA9CE2CC7A37300C02A95 /* Sources */,
				958AA9CF2CC7A37300C02A95 /* Frameworks */,
				958AA9D02CC7A37300C02A95 /* Resources */,
			);
			buildRules = (
			);
			dependencies = (
				958AA9D42CC7A37300C02A95 /* PBXTargetDependency */,
			);
			name = "Todo AppTests";
			productName = "Todo AppTests";
			productReference = 958AA9D22CC7A37300C02A95 /* Todo AppTests.xctest */;
			productType = "com.apple.product-type.bundle.unit-test";
		};
		958AA9DB2CC7A37300C02A95 /* Todo AppUITests */ = {
			isa = PBXNativeTarget;
			buildConfigurationList = 958AA9EC2CC7A37300C02A95 /* Build configuration list for PBXNativeTarget "Todo AppUITests" */;
			buildPhases = (
				958AA9D82CC7A37300C02A95 /* Sources */,
				958AA9D92CC7A37300C02A95 /* Frameworks */,
				958AA9DA2CC7A37300C02A95 /* Resources */,
			);
			buildRules = (
			);
			dependencies = (
				958AA9DE2CC7A37300C02A95 /* PBXTargetDependency */,
			);
			name = "Todo AppUITests";
			productName = "Todo AppUITests";
			productReference = 958AA9DC2CC7A37300C02A95 /* Todo AppUITests.xctest */;
			productType = "com.apple.product-type.bundle.ui-testing";
		};
/* End PBXNativeTarget section */

/* Begin PBXProject section */
		958AA9B92CC7A37200C02A95 /* Project object */ = {
			isa = PBXProject;
			attributes = {
				BuildIndependentTargetsInParallel = 1;
				LastSwiftUpdateCheck = 1540;
				LastUpgradeCheck = 1540;
				TargetAttributes = {
					958AA9C02CC7A37200C02A95 = {
						CreatedOnToolsVersion = 15.4;
					};
					958AA9D12CC7A37300C02A95 = {
						CreatedOnToolsVersion = 15.4;
						TestTargetID = 958AA9C02CC7A37200C02A95;
					};
					958AA9DB2CC7A37300C02A95 = {
						CreatedOnToolsVersion = 15.4;
						TestTargetID = 958AA9C02CC7A37200C02A95;
					};
				};
			};
			buildConfigurationList = 958AA9BC2CC7A37200C02A95 /* Build configuration list for PBXProject "Todo App" */;
			compatibilityVersion = "Xcode 14.0";
			developmentRegion = en;
			hasScannedForEncodings = 0;
			knownRegions = (
				en,
				Base,
			);
			mainGroup = 958AA9B82CC7A37200C02A95;
			productRefGroup = 958AA9C22CC7A37200C02A95 /* Products */;
			projectDirPath = "";
			projectRoot = "";
			targets = (
				958AA9C02CC7A37200C02A95 /* Todo App */,
				958AA9D12CC7A37300C02A95 /* Todo AppTests */,
				958AA9DB2CC7A37300C02A95 /* Todo AppUITests */,
			);
		};
/* End PBXProject section */

/* Begin PBXResourcesBuildPhase section */
		958AA9BF2CC7A37200C02A95 /* Resources */ = {
			isa = PBXResourcesBuildPhase;
			buildActionMask = 2147483647;
			files = (
				958AA9CD2CC7A37300C02A95 /* Preview Assets.xcassets in Resources */,
				958AA9C92CC7A37300C02A95 /* Assets.xcassets in Resources */,
			);
			runOnlyForDeploymentPostprocessing = 0;
		};
		958AA9D02CC7A37300C02A95 /* Resources */ = {
			isa = PBXResourcesBuildPhase;
			buildActionMask = 2147483647;
			files = (
			);
			runOnlyForDeploymentPostprocessing = 0;
		};
		958AA9DA2CC7A37300C02A95 /* Resources */ = {
			isa = PBXResourcesBuildPhase;
			buildActionMask = 2147483647;
			files = (
			);
			runOnlyForDeploymentPostprocessing = 0;
		};
/* End PBXResourcesBuildPhase section */

/* Begin PBXSourcesBuildPhase section */
		958AA9BD2CC7A37200C02A95 /* Sources */ = {
			isa = PBXSourcesBuildPhase;
			buildActionMask = 2147483647;
			files = (
				958AA9C72CC7A37200C02A95 /* ContentView.swift in Sources */,
				958AA9C52CC7A37200C02A95 /* Todo_AppApp.swift in Sources */,
				958AA9F72CC7A40000C02A95 /* AddTodoView.swift in Sources */,
			);
			runOnlyForDeploymentPostprocessing = 0;
		};
		958AA9CE2CC7A37300C02A95 /* Sources */ = {
			isa = PBXSourcesBuildPhase;
			buildActionMask = 2147483647;
			files = (
				958AA9D72CC7A37300C02A95 /* Todo_AppTests.swift in Sources */,
			);
			runOnlyForDeploymentPostprocessing = 0;
		};
		958AA9D82CC7A37300C02A95 /* Sources */ = {
			isa = PBXSourcesBuildPhase;
			buildActionMask = 2147483647;
			files = (
				958AA9E32CC7A37300C02A95 /* Todo_AppUITestsLaunchTests.swift in Sources */,
				958AA9E12CC7A37300C02A95 /* Todo_AppUITests.swift in Sources */,
			);
			runOnlyForDeploymentPostprocessing = 0;
		};
/* End PBXSourcesBuildPhase section */

/* Begin PBXTargetDependency section */
		958AA9D42CC7A37300C02A95 /* PBXTargetDependency */ = {
			isa = PBXTargetDependency;
			target = 958AA9C02CC7A37200C02A95 /* Todo App */;
			targetProxy = 958AA9D32CC7A37300C02A95 /* PBXContainerItemProxy */;
		};
		958AA9DE2CC7A37300C02A95 /* PBXTargetDependency */ = {
			isa = PBXTargetDependency;
			target = 958AA9C02CC7A37200C02A95 /* Todo App */;
			targetProxy = 958AA9DD2CC7A37300C02A95 /* PBXContainerItemProxy */;
		};
/* End PBXTargetDependency section */

/* Begin XCBuildConfiguration section */
		958AA9E42CC7A37300C02A95 /* Debug */ = {
			isa = XCBuildConfiguration;
			buildSettings = {
				ALWAYS_SEARCH_USER_PATHS = NO;
				ASSETCATALOG_COMPILER_GENERATE_SWIFT_ASSET_SYMBOL_EXTENSIONS = YES;
				CLANG_ANALYZER_NONNULL = YES;
				CLANG_ANALYZER_NUMBER_OBJECT_CONVERSION = YES_AGGRESSIVE;
				CLANG_CXX_LANGUAGE_STANDARD = "gnu++20";
				CLANG_ENABLE_MODULES = YES;
				CLANG_ENABLE_OBJC_ARC = YES;
				CLANG_ENABLE_OBJC_WEAK = YES;
				CLANG_WARN_BLOCK_CAPTURE_AUTORELEASING = YES;
				CLANG_WARN_BOOL_CONVERSION = YES;
				CLANG_WARN_COMMA = YES;
				CLANG_WARN_CONSTANT_CONVERSION = YES;
				CLANG_WARN_DEPRECATED_OBJC_IMPLEMENTATIONS = YES;
				CLANG_WARN_DIRECT_OBJC_ISA_USAGE = YES_ERROR;
				CLANG_WARN_DOCUMENTATION_COMMENTS = YES;
				CLANG_WARN_EMPTY_BODY = YES;
				CLANG_WARN_ENUM_CONVERSION = YES;
				CLANG_WARN_INFINITE_RECURSION = YES;
				CLANG_WARN_INT_CONVERSION = YES;
				CLANG_WARN_NON_LITERAL_NULL_CONVERSION = YES;
				CLANG_WARN_OBJC_IMPLICIT_RETAIN_SELF = YES;
				CLANG_WARN_OBJC_LITERAL_CONVERSION = YES;
				CLANG_WARN_OBJC_ROOT_CLASS = YES_ERROR;
				CLANG_WARN_QUOTED_INCLUDE_IN_FRAMEWORK_HEADER = YES;
				CLANG_WARN_RANGE_LOOP_ANALYSIS = YES;
				CLANG_WARN_STRICT_PROTOTYPES = YES;
				CLANG_WARN_SUSPICIOUS_MOVE = YES;
				CLANG_WARN_UNGUARDED_AVAILABILITY = YES_AGGRESSIVE;
				CLANG_WARN_UNREACHABLE_CODE = YES;
				CLANG_WARN__DUPLICATE_METHOD_MATCH = YES;
				COPY_PHASE_STRIP = NO;
				DEBUG_INFORMATION_FORMAT = dwarf;
				ENABLE_STRICT_OBJC_MSGSEND = YES;
				ENABLE_TESTABILITY = YES;
				ENABLE_USER_SCRIPT_SANDBOXING = YES;
				GCC_C_LANGUAGE_STANDARD = gnu17;
				GCC_DYNAMIC_NO_PIC = NO;
				GCC_NO_COMMON_BLOCKS = YES;
				GCC_OPTIMIZATION_LEVEL = 0;
				GCC_PREPROCESSOR_DEFINITIONS = (
					"DEBUG=1",
					"$(inherited)",
				);
				GCC_WARN_64_TO_32_BIT_CONVERSION = YES;
				GCC_WARN_ABOUT_RETURN_TYPE = YES_ERROR;
				GCC_WARN_UNDECLARED_SELECTOR = YES;
				GCC_WARN_UNINITIALIZED_AUTOS = YES_AGGRESSIVE;
				GCC_WARN_UNUSED_FUNCTION = YES;
				GCC_WARN_UNUSED_VARIABLE = YES;
				LOCALIZATION_PREFERS_STRING_CATALOGS = YES;
				MTL_ENABLE_DEBUG_INFO = INCLUDE_SOURCE;
				MTL_FAST_MATH = YES;
				ONLY_ACTIVE_ARCH = YES;
				SWIFT_ACTIVE_COMPILATION_CONDITIONS = "DEBUG $(inherited)";
				SWIFT_OPTIMIZATION_LEVEL = "-Onone";
			};
			name = Debug;
		};
		958AA9E52CC7A37300C02A95 /* Release */ = {
			isa = XCBuildConfiguration;
			buildSettings = {
				ALWAYS_SEARCH_USER_PATHS = NO;
				ASSETCATALOG_COMPILER_GENERATE_SWIFT_ASSET_SYMBOL_EXTENSIONS = YES;
				CLANG_ANALYZER_NONNULL = YES;
				CLANG_ANALYZER_NUMBER_OBJECT_CONVERSION = YES_AGGRESSIVE;
				CLANG_CXX_LANGUAGE_STANDARD = "gnu++20";
				CLANG_ENABLE_MODULES = YES;
				CLANG_ENABLE_OBJC_ARC = YES;
				CLANG_ENABLE_OBJC_WEAK = YES;
				CLANG_WARN_BLOCK_CAPTURE_AUTORELEASING = YES;
				CLANG_WARN_BOOL_CONVERSION = YES;
				CLANG_WARN_COMMA = YES;
				CLANG_WARN_CONSTANT_CONVERSION = YES;
				CLANG_WARN_DEPRECATED_OBJC_IMPLEMENTATIONS = YES;
				CLANG_WARN_DIRECT_OBJC_ISA_USAGE = YES_ERROR;
				CLANG_WARN_DOCUMENTATION_COMMENTS = YES;
				CLANG_WARN_EMPTY_BODY = YES;
				CLANG_WARN_ENUM_CONVERSION = YES;
				CLANG_WARN_INFINITE_RECURSION = YES;
				CLANG_WARN_INT_CONVERSION = YES;
				CLANG_WARN_NON_LITERAL_NULL_CONVERSION = YES;
				CLANG_WARN_OBJC_IMPLICIT_RETAIN_SELF = YES;
				CLANG_WARN_OBJC_LITERAL_CONVERSION = YES;
				CLANG_WARN_OBJC_ROOT_CLASS = YES_ERROR;
				CLANG_WARN_QUOTED_INCLUDE_IN_FRAMEWORK_HEADER = YES;
				CLANG_WARN_RANGE_LOOP_ANALYSIS = YES;
				CLANG_WARN_STRICT_PROTOTYPES = YES;
				CLANG_WARN_SUSPICIOUS_MOVE = YES;
				CLANG_WARN_UNGUARDED_AVAILABILITY = YES_AGGRESSIVE;
				CLANG_WARN_UNREACHABLE_CODE = YES;
				CLANG_WARN__DUPLICATE_METHOD_MATCH = YES;
				COPY_PHASE_STRIP = NO;
				DEBUG_INFORMATION_FORMAT = "dwarf-with-dsym";
				ENABLE_NS_ASSERTIONS = NO;
				ENABLE_STRICT_OBJC_MSGSEND = YES;
				ENABLE_USER_SCRIPT_SANDBOXING = YES;
				GCC_C_LANGUAGE_STANDARD = gnu17;
				GCC_NO_COMMON_BLOCKS = YES;
				GCC_WARN_64_TO_32_BIT_CONVERSION = YES;
				GCC_WARN_ABOUT_RETURN_TYPE = YES_ERROR;
				GCC_WARN_UNDECLARED_SELECTOR = YES;
				GCC_WARN_UNINITIALIZED_AUTOS = YES_AGGRESSIVE;
				GCC_WARN_UNUSED_FUNCTION = YES;
				GCC_WARN_UNUSED_VARIABLE = YES;
				LOCALIZATION_PREFERS_STRING_CATALOGS = YES;
				MTL_ENABLE_DEBUG_INFO = NO;
				MTL_FAST_MATH = YES;
				SWIFT_COMPILATION_MODE = wholemodule;
			};
			name = Release;
		};
		958AA9E72CC7A37300C02A95 /* Debug */ = {
			isa = XCBuildConfiguration;
			buildSettings = {
				ASSETCATALOG_COMPILER_APPICON_NAME = AppIcon;
				ASSETCATALOG_COMPILER_GLOBAL_ACCENT_COLOR_NAME = AccentColor;
				CODE_SIGN_ENTITLEMENTS = "Todo App/Todo_App.entitlements";
				CODE_SIGN_STYLE = Automatic;
				CURRENT_PROJECT_VERSION = 1;
				DEVELOPMENT_ASSET_PATHS = "\"Todo App/Preview Content\"";
				ENABLE_PREVIEWS = YES;
				GENERATE_INFOPLIST_FILE = YES;
				"INFOPLIST_KEY_UIApplicationSceneManifest_Generation[sdk=iphoneos*]" = YES;
				"INFOPLIST_KEY_UIApplicationSceneManifest_Generation[sdk=iphonesimulator*]" = YES;
				"INFOPLIST_KEY_UIApplicationSupportsIndirectInputEvents[sdk=iphoneos*]" = YES;
				"INFOPLIST_KEY_UIApplicationSupportsIndirectInputEvents[sdk=iphonesimulator*]" = YES;
				"INFOPLIST_KEY_UILaunchScreen_Generation[sdk=iphoneos*]" = YES;
				"INFOPLIST_KEY_UILaunchScreen_Generation[sdk=iphonesimulator*]" = YES;
				"INFOPLIST_KEY_UIStatusBarStyle[sdk=iphoneos*]" = UIStatusBarStyleDefault;
				"INFOPLIST_KEY_UIStatusBarStyle[sdk=iphonesimulator*]" = UIStatusBarStyleDefault;
				INFOPLIST_KEY_UISupportedInterfaceOrientations_iPad = "UIInterfaceOrientationPortrait UIInterfaceOrientationPortraitUpsideDown UIInterfaceOrientationLandscapeLeft UIInterfaceOrientationLandscapeRight";
				INFOPLIST_KEY_UISupportedInterfaceOrientations_iPhone = "UIInterfaceOrientationPortrait UIInterfaceOrientationLandscapeLeft UIInterfaceOrientationLandscapeRight";
				IPHONEOS_DEPLOYMENT_TARGET = 17.5;
				LD_RUNPATH_SEARCH_PATHS = "@executable_path/Frameworks";
				"LD_RUNPATH_SEARCH_PATHS[sdk=macosx*]" = "@executable_path/../Frameworks";
				MACOSX_DEPLOYMENT_TARGET = 14.5;
				MARKETING_VERSION = 1.0;
				PRODUCT_BUNDLE_IDENTIFIER = "com.singgih.Todo-App";
				PRODUCT_NAME = "$(TARGET_NAME)";
				SDKROOT = auto;
				SUPPORTED_PLATFORMS = "iphoneos iphonesimulator macosx";
				SWIFT_EMIT_LOC_STRINGS = YES;
				SWIFT_VERSION = 5.0;
				TARGETED_DEVICE_FAMILY = "1,2";
			};
			name = Debug;
		};
		958AA9E82CC7A37300C02A95 /* Release */ = {
			isa = XCBuildConfiguration;
			buildSettings = {
				ASSETCATALOG_COMPILER_APPICON_NAME = AppIcon;
				ASSETCATALOG_COMPILER_GLOBAL_ACCENT_COLOR_NAME = AccentColor;
				CODE_SIGN_ENTITLEMENTS = "Todo App/Todo_App.entitlements";
				CODE_SIGN_STYLE = Automatic;
				CURRENT_PROJECT_VERSION = 1;
				DEVELOPMENT_ASSET_PATHS = "\"Todo App/Preview Content\"";
				ENABLE_PREVIEWS = YES;
				GENERATE_INFOPLIST_FILE = YES;
				"INFOPLIST_KEY_UIApplicationSceneManifest_Generation[sdk=iphoneos*]" = YES;
				"INFOPLIST_KEY_UIApplicationSceneManifest_Generation[sdk=iphonesimulator*]" = YES;
				"INFOPLIST_KEY_UIApplicationSupportsIndirectInputEvents[sdk=iphoneos*]" = YES;
				"INFOPLIST_KEY_UIApplicationSupportsIndirectInputEvents[sdk=iphonesimulator*]" = YES;
				"INFOPLIST_KEY_UILaunchScreen_Generation[sdk=iphoneos*]" = YES;
				"INFOPLIST_KEY_UILaunchScreen_Generation[sdk=iphonesimulator*]" = YES;
				"INFOPLIST_KEY_UIStatusBarStyle[sdk=iphoneos*]" = UIStatusBarStyleDefault;
				"INFOPLIST_KEY_UIStatusBarStyle[sdk=iphonesimulator*]" = UIStatusBarStyleDefault;
				INFOPLIST_KEY_UISupportedInterfaceOrientations_iPad = "UIInterfaceOrientationPortrait UIInterfaceOrientationPortraitUpsideDown UIInterfaceOrientationLandscapeLeft UIInterfaceOrientationLandscapeRight";
				INFOPLIST_KEY_UISupportedInterfaceOrientations_iPhone = "UIInterfaceOrientationPortrait UIInterfaceOrientationLandscapeLeft UIInterfaceOrientationLandscapeRight";
				IPHONEOS_DEPLOYMENT_TARGET = 17.5;
				LD_RUNPATH_SEARCH_PATHS = "@executable_path/Frameworks";
				"LD_RUNPATH_SEARCH_PATHS[sdk=macosx*]" = "@executable_path/../Frameworks";
				MACOSX_DEPLOYMENT_TARGET = 14.5;
				MARKETING_VERSION = 1.0;
				PRODUCT_BUNDLE_IDENTIFIER = "com.singgih.Todo-App";
				PRODUCT_NAME = "$(TARGET_NAME)";
				SDKROOT = auto;
				SUPPORTED_PLATFORMS = "iphoneos iphonesimulator macosx";
				SWIFT_EMIT_LOC_STRINGS = YES;
				SWIFT_VERSION = 5.0;
				TARGETED_DEVICE_FAMILY = "1,2";
			};
			name = Release;
		};
		958AA9EA2CC7A37300C02A95 /* Debug */ = {
			isa = XCBuildConfiguration;
			buildSettings = {
				ALWAYS_EMBED_SWIFT_STANDARD_LIBRARIES = YES;
				BUNDLE_LOADER = "$(TEST_HOST)";
				CODE_SIGN_STYLE = Automatic;
				CURRENT_PROJECT_VERSION = 1;
				GENERATE_INFOPLIST_FILE = YES;
				IPHONEOS_DEPLOYMENT_TARGET = 17.5;
				MACOSX_DEPLOYMENT_TARGET = 14.5;
				MARKETING_VERSION = 1.0;
				PRODUCT_BUNDLE_IDENTIFIER = "com.singgih.Todo-AppTests";
				PRODUCT_NAME = "$(TARGET_NAME)";
				SDKROOT = auto;
				SUPPORTED_PLATFORMS = "iphoneos iphonesimulator macosx";
				SWIFT_EMIT_LOC_STRINGS = NO;
				SWIFT_VERSION = 5.0;
				TARGETED_DEVICE_FAMILY = "1,2";
				TEST_HOST = "$(BUILT_PRODUCTS_DIR)/Todo App.app/$(BUNDLE_EXECUTABLE_FOLDER_PATH)/Todo App";
			};
			name = Debug;
		};
		958AA9EB2CC7A37300C02A95 /* Release */ = {
			isa = XCBuildConfiguration;
			buildSettings = {
				ALWAYS_EMBED_SWIFT_STANDARD_LIBRARIES = YES;
				BUNDLE_LOADER = "$(TEST_HOST)";
				CODE_SIGN_STYLE = Automatic;
				CURRENT_PROJECT_VERSION = 1;
				GENERATE_INFOPLIST_FILE = YES;
				IPHONEOS_DEPLOYMENT_TARGET = 17.5;
				MACOSX_DEPLOYMENT_TARGET = 14.5;
				MARKETING_VERSION = 1.0;
				PRODUCT_BUNDLE_IDENTIFIER = "com.singgih.Todo-AppTests";
				PRODUCT_NAME = "$(TARGET_NAME)";
				SDKROOT = auto;
				SUPPORTED_PLATFORMS = "iphoneos iphonesimulator macosx";
				SWIFT_EMIT_LOC_STRINGS = NO;
				SWIFT_VERSION = 5.0;
				TARGETED_DEVICE_FAMILY = "1,2";
				TEST_HOST = "$(BUILT_PRODUCTS_DIR)/Todo App.app/$(BUNDLE_EXECUTABLE_FOLDER_PATH)/Todo App";
			};
			name = Release;
		};
		958AA9ED2CC7A37300C02A95 /* Debug */ = {
			isa = XCBuildConfiguration;
			buildSettings = {
				ALWAYS_EMBED_SWIFT_STANDARD_LIBRARIES = YES;
				CODE_SIGN_STYLE = Automatic;
				CURRENT_PROJECT_VERSION = 1;
				GENERATE_INFOPLIST_FILE = YES;
				IPHONEOS_DEPLOYMENT_TARGET = 17.5;
				MACOSX_DEPLOYMENT_TARGET = 14.5;
				MARKETING_VERSION = 1.0;
				PRODUCT_BUNDLE_IDENTIFIER = "com.singgih.Todo-AppUITests";
				PRODUCT_NAME = "$(TARGET_NAME)";
				SDKROOT = auto;
				SUPPORTED_PLATFORMS = "iphoneos iphonesimulator macosx";
				SWIFT_EMIT_LOC_STRINGS = NO;
				SWIFT_VERSION = 5.0;
				TARGETED_DEVICE_FAMILY = "1,2";
				TEST_TARGET_NAME = "Todo App";
			};
			name = Debug;
		};
		958AA9EE2CC7A37300C02A95 /* Release */ = {
			isa = XCBuildConfiguration;
			buildSettings = {
				ALWAYS_EMBED_SWIFT_STANDARD_LIBRARIES = YES;
				CODE_SIGN_STYLE = Automatic;
				CURRENT_PROJECT_VERSION = 1;
				GENERATE_INFOPLIST_FILE = YES;
				IPHONEOS_DEPLOYMENT_TARGET = 17.5;
				MACOSX_DEPLOYMENT_TARGET = 14.5;
				MARKETING_VERSION = 1.0;
				PRODUCT_BUNDLE_IDENTIFIER = "com.singgih.Todo-AppUITests";
				PRODUCT_NAME = "$(TARGET_NAME)";
				SDKROOT = auto;
				SUPPORTED_PLATFORMS = "iphoneos iphonesimulator macosx";
				SWIFT_EMIT_LOC_STRINGS = NO;
				SWIFT_VERSION = 5.0;
				TARGETED_DEVICE_FAMILY = "1,2";
				TEST_TARGET_NAME = "Todo App";
			};
			name = Release;
		};
/* End XCBuildConfiguration section */

/* Begin XCConfigurationList section */
		958AA9BC2CC7A37200C02A95 /* Build configuration list for PBXProject "Todo App" */ = {
			isa = XCConfigurationList;
			buildConfigurations = (
				958AA9E42CC7A37300C02A95 /* Debug */,
				958AA9E52CC7A37300C02A95 /* Release */,
			);
			defaultConfigurationIsVisible = 0;
			defaultConfigurationName = Release;
		};
		958AA9E62CC7A37300C02A95 /* Build configuration list for PBXNativeTarget "Todo App" */ = {
			isa = XCConfigurationList;
			buildConfigurations = (
				958AA9E72CC7A37300C02A95 /* Debug */,
				958AA9E82CC7A37300C02A95 /* Release */,
			);
			defaultConfigurationIsVisible = 0;
			defaultConfigurationName = Release;
		};
		958AA9E92CC7A37300C02A95 /* Build configuration list for PBXNativeTarget "Todo AppTests" */ = {
			isa = XCConfigurationList;
			buildConfigurations = (
				958AA9EA2CC7A37300C02A95 /* Debug */,
				958AA9EB2CC7A37300C02A95 /* Release */,
			);
			defaultConfigurationIsVisible = 0;
			defaultConfigurationName = Release;
		};
		958AA9EC2CC7A37300C02A95 /* Build configuration list for PBXNativeTarget "Todo AppUITests" */ = {
			isa = XCConfigurationList;
			buildConfigurations = (
				958AA9ED2CC7A37300C02A95 /* Debug */,
				958AA9EE2CC7A37300C02A95 /* Release */,
			);
			defaultConfigurationIsVisible = 0;
			defaultConfigurationName = Release;
		};
/* End XCConfigurationList section */
	};
	rootObject = 958AA9B92CC7A37200C02A95 /* Project object */;
}
