// !$*UTF8*$!
{
	archiveVersion = 1;
	classes = {
	};
	objectVersion = 56;
	objects = {

/* Begin PBXBuildFile section */
		9575A55A2CDA2BDE00D398C0 /* AfricaApp.swift in Sources */ = {isa = PBXBuildFile; fileRef = 9575A5592CDA2BDE00D398C0 /* AfricaApp.swift */; };
		9575A55C2CDA2BDE00D398C0 /* ContentView.swift in Sources */ = {isa = PBXBuildFile; fileRef = 9575A55B2CDA2BDE00D398C0 /* ContentView.swift */; };
		9575A55E2CDA2BE000D398C0 /* Assets.xcassets in Resources */ = {isa = PBXBuildFile; fileRef = 9575A55D2CDA2BE000D398C0 /* Assets.xcassets */; };
		9575A5622CDA2BE000D398C0 /* Preview Assets.xcassets in Resources */ = {isa = PBXBuildFile; fileRef = 9575A5612CDA2BE000D398C0 /* Preview Assets.xcassets */; };
		9575A5732CDA2D4B00D398C0 /* giraffe.mp4 in Resources */ = {isa = PBXBuildFile; fileRef = 9575A5692CDA2D4800D398C0 /* giraffe.mp4 */; };
		9575A5742CDA2D4B00D398C0 /* elephant.mp4 in Resources */ = {isa = PBXBuildFile; fileRef = 9575A56A2CDA2D4900D398C0 /* elephant.mp4 */; };
		9575A5752CDA2D4B00D398C0 /* lioness.mp4 in Resources */ = {isa = PBXBuildFile; fileRef = 9575A56B2CDA2D4900D398C0 /* lioness.mp4 */; };
		9575A5762CDA2D4B00D398C0 /* hippo.mp4 in Resources */ = {isa = PBXBuildFile; fileRef = 9575A56C2CDA2D4900D398C0 /* hippo.mp4 */; };
		9575A5772CDA2D4B00D398C0 /* rhino.mp4 in Resources */ = {isa = PBXBuildFile; fileRef = 9575A56D2CDA2D4900D398C0 /* rhino.mp4 */; };
		9575A5782CDA2D4B00D398C0 /* lion.mp4 in Resources */ = {isa = PBXBuildFile; fileRef = 9575A56E2CDA2D4900D398C0 /* lion.mp4 */; };
		9575A5792CDA2D4B00D398C0 /* gorilla.mp4 in Resources */ = {isa = PBXBuildFile; fileRef = 9575A56F2CDA2D4A00D398C0 /* gorilla.mp4 */; };
		9575A57A2CDA2D4B00D398C0 /* cheetah.mp4 in Resources */ = {isa = PBXBuildFile; fileRef = 9575A5702CDA2D4A00D398C0 /* cheetah.mp4 */; };
		9575A57B2CDA2D4B00D398C0 /* zebra.mp4 in Resources */ = {isa = PBXBuildFile; fileRef = 9575A5712CDA2D4A00D398C0 /* zebra.mp4 */; };
		9575A57C2CDA2D4B00D398C0 /* ostrich.mp4 in Resources */ = {isa = PBXBuildFile; fileRef = 9575A5722CDA2D4B00D398C0 /* ostrich.mp4 */; };
		9575A5822CDA2D8600D398C0 /* locations.json in Resources */ = {isa = PBXBuildFile; fileRef = 9575A57E2CDA2D8600D398C0 /* locations.json */; };
		9575A5832CDA2D8600D398C0 /* covers.json in Resources */ = {isa = PBXBuildFile; fileRef = 9575A57F2CDA2D8600D398C0 /* covers.json */; };
		9575A5842CDA2D8600D398C0 /* animals.json in Resources */ = {isa = PBXBuildFile; fileRef = 9575A5802CDA2D8600D398C0 /* animals.json */; };
		9575A5852CDA2D8600D398C0 /* videos.json in Resources */ = {isa = PBXBuildFile; fileRef = 9575A5812CDA2D8600D398C0 /* videos.json */; };
		9575A5892CDA2EBB00D398C0 /* VideoListView.swift in Sources */ = {isa = PBXBuildFile; fileRef = 9575A5882CDA2EBB00D398C0 /* VideoListView.swift */; };
		9575A58B2CDA2EC500D398C0 /* MapView.swift in Sources */ = {isa = PBXBuildFile; fileRef = 9575A58A2CDA2EC500D398C0 /* MapView.swift */; };
		9575A58D2CDA2ED100D398C0 /* GalleryView.swift in Sources */ = {isa = PBXBuildFile; fileRef = 9575A58C2CDA2ED100D398C0 /* GalleryView.swift */; };
		9575A58F2CDA3E2800D398C0 /* MainView.swift in Sources */ = {isa = PBXBuildFile; fileRef = 9575A58E2CDA3E2800D398C0 /* MainView.swift */; };
/* End PBXBuildFile section */

/* Begin PBXFileReference section */
		9575A5562CDA2BDE00D398C0 /* Africa.app */ = {isa = PBXFileReference; explicitFileType = wrapper.application; includeInIndex = 0; path = Africa.app; sourceTree = BUILT_PRODUCTS_DIR; };
		9575A5592CDA2BDE00D398C0 /* AfricaApp.swift */ = {isa = PBXFileReference; lastKnownFileType = sourcecode.swift; path = AfricaApp.swift; sourceTree = "<group>"; };
		9575A55B2CDA2BDE00D398C0 /* ContentView.swift */ = {isa = PBXFileReference; lastKnownFileType = sourcecode.swift; path = ContentView.swift; sourceTree = "<group>"; };
		9575A55D2CDA2BE000D398C0 /* Assets.xcassets */ = {isa = PBXFileReference; lastKnownFileType = folder.assetcatalog; path = Assets.xcassets; sourceTree = "<group>"; };
		9575A55F2CDA2BE000D398C0 /* Africa.entitlements */ = {isa = PBXFileReference; lastKnownFileType = text.plist.entitlements; path = Africa.entitlements; sourceTree = "<group>"; };
		9575A5612CDA2BE000D398C0 /* Preview Assets.xcassets */ = {isa = PBXFileReference; lastKnownFileType = folder.assetcatalog; path = "Preview Assets.xcassets"; sourceTree = "<group>"; };
		9575A5692CDA2D4800D398C0 /* giraffe.mp4 */ = {isa = PBXFileReference; lastKnownFileType = file; path = giraffe.mp4; sourceTree = "<group>"; };
		9575A56A2CDA2D4900D398C0 /* elephant.mp4 */ = {isa = PBXFileReference; lastKnownFileType = file; path = elephant.mp4; sourceTree = "<group>"; };
		9575A56B2CDA2D4900D398C0 /* lioness.mp4 */ = {isa = PBXFileReference; lastKnownFileType = file; path = lioness.mp4; sourceTree = "<group>"; };
		9575A56C2CDA2D4900D398C0 /* hippo.mp4 */ = {isa = PBXFileReference; lastKnownFileType = file; path = hippo.mp4; sourceTree = "<group>"; };
		9575A56D2CDA2D4900D398C0 /* rhino.mp4 */ = {isa = PBXFileReference; lastKnownFileType = file; path = rhino.mp4; sourceTree = "<group>"; };
		9575A56E2CDA2D4900D398C0 /* lion.mp4 */ = {isa = PBXFileReference; lastKnownFileType = file; path = lion.mp4; sourceTree = "<group>"; };
		9575A56F2CDA2D4A00D398C0 /* gorilla.mp4 */ = {isa = PBXFileReference; lastKnownFileType = file; path = gorilla.mp4; sourceTree = "<group>"; };
		9575A5702CDA2D4A00D398C0 /* cheetah.mp4 */ = {isa = PBXFileReference; lastKnownFileType = file; path = cheetah.mp4; sourceTree = "<group>"; };
		9575A5712CDA2D4A00D398C0 /* zebra.mp4 */ = {isa = PBXFileReference; lastKnownFileType = file; path = zebra.mp4; sourceTree = "<group>"; };
		9575A5722CDA2D4B00D398C0 /* ostrich.mp4 */ = {isa = PBXFileReference; lastKnownFileType = file; path = ostrich.mp4; sourceTree = "<group>"; };
		9575A57E2CDA2D8600D398C0 /* locations.json */ = {isa = PBXFileReference; fileEncoding = 4; lastKnownFileType = text.json; path = locations.json; sourceTree = "<group>"; };
		9575A57F2CDA2D8600D398C0 /* covers.json */ = {isa = PBXFileReference; fileEncoding = 4; lastKnownFileType = text.json; path = covers.json; sourceTree = "<group>"; };
		9575A5802CDA2D8600D398C0 /* animals.json */ = {isa = PBXFileReference; fileEncoding = 4; lastKnownFileType = text.json; path = animals.json; sourceTree = "<group>"; };
		9575A5812CDA2D8600D398C0 /* videos.json */ = {isa = PBXFileReference; fileEncoding = 4; lastKnownFileType = text.json; path = videos.json; sourceTree = "<group>"; };
		9575A5862CDA2E1800D398C0 /* Info.plist */ = {isa = PBXFileReference; lastKnownFileType = text.plist; path = Info.plist; sourceTree = "<group>"; };
		9575A5882CDA2EBB00D398C0 /* VideoListView.swift */ = {isa = PBXFileReference; lastKnownFileType = sourcecode.swift; path = VideoListView.swift; sourceTree = "<group>"; };
		9575A58A2CDA2EC500D398C0 /* MapView.swift */ = {isa = PBXFileReference; lastKnownFileType = sourcecode.swift; path = MapView.swift; sourceTree = "<group>"; };
		9575A58C2CDA2ED100D398C0 /* GalleryView.swift */ = {isa = PBXFileReference; lastKnownFileType = sourcecode.swift; path = GalleryView.swift; sourceTree = "<group>"; };
		9575A58E2CDA3E2800D398C0 /* MainView.swift */ = {isa = PBXFileReference; lastKnownFileType = sourcecode.swift; path = MainView.swift; sourceTree = "<group>"; };
/* End PBXFileReference section */

/* Begin PBXFrameworksBuildPhase section */
		9575A5532CDA2BDE00D398C0 /* Frameworks */ = {
			isa = PBXFrameworksBuildPhase;
			buildActionMask = 2147483647;
			files = (
			);
			runOnlyForDeploymentPostprocessing = 0;
		};
/* End PBXFrameworksBuildPhase section */

/* Begin PBXGroup section */
		9575A54D2CDA2BDE00D398C0 = {
			isa = PBXGroup;
			children = (
				9575A5582CDA2BDE00D398C0 /* Africa */,
				9575A5572CDA2BDE00D398C0 /* Products */,
			);
			sourceTree = "<group>";
		};
		9575A5572CDA2BDE00D398C0 /* Products */ = {
			isa = PBXGroup;
			children = (
				9575A5562CDA2BDE00D398C0 /* Africa.app */,
			);
			name = Products;
			sourceTree = "<group>";
		};
		9575A5582CDA2BDE00D398C0 /* Africa */ = {
			isa = PBXGroup;
			children = (
				9575A5862CDA2E1800D398C0 /* Info.plist */,
				9575A57D2CDA2D6500D398C0 /* Data */,
				9575A5682CDA2D1C00D398C0 /* Video */,
				9575A5872CDA2EA100D398C0 /* App */,
				9575A55D2CDA2BE000D398C0 /* Assets.xcassets */,
				9575A55F2CDA2BE000D398C0 /* Africa.entitlements */,
				9575A5602CDA2BE000D398C0 /* Preview Content */,
			);
			path = Africa;
			sourceTree = "<group>";
		};
		9575A5602CDA2BE000D398C0 /* Preview Content */ = {
			isa = PBXGroup;
			children = (
				9575A5612CDA2BE000D398C0 /* Preview Assets.xcassets */,
			);
			path = "Preview Content";
			sourceTree = "<group>";
		};
		9575A5682CDA2D1C00D398C0 /* Video */ = {
			isa = PBXGroup;
			children = (
				9575A5702CDA2D4A00D398C0 /* cheetah.mp4 */,
				9575A56A2CDA2D4900D398C0 /* elephant.mp4 */,
				9575A5692CDA2D4800D398C0 /* giraffe.mp4 */,
				9575A56F2CDA2D4A00D398C0 /* gorilla.mp4 */,
				9575A56C2CDA2D4900D398C0 /* hippo.mp4 */,
				9575A56E2CDA2D4900D398C0 /* lion.mp4 */,
				9575A56B2CDA2D4900D398C0 /* lioness.mp4 */,
				9575A5722CDA2D4B00D398C0 /* ostrich.mp4 */,
				9575A56D2CDA2D4900D398C0 /* rhino.mp4 */,
				9575A5712CDA2D4A00D398C0 /* zebra.mp4 */,
			);
			path = Video;
			sourceTree = "<group>";
		};
		9575A57D2CDA2D6500D398C0 /* Data */ = {
			isa = PBXGroup;
			children = (
				9575A5802CDA2D8600D398C0 /* animals.json */,
				9575A57F2CDA2D8600D398C0 /* covers.json */,
				9575A57E2CDA2D8600D398C0 /* locations.json */,
				9575A5812CDA2D8600D398C0 /* videos.json */,
			);
			path = Data;
			sourceTree = "<group>";
		};
		9575A5872CDA2EA100D398C0 /* App */ = {
			isa = PBXGroup;
			children = (
				9575A5592CDA2BDE00D398C0 /* AfricaApp.swift */,
				9575A55B2CDA2BDE00D398C0 /* ContentView.swift */,
				9575A5882CDA2EBB00D398C0 /* VideoListView.swift */,
				9575A58A2CDA2EC500D398C0 /* MapView.swift */,
				9575A58C2CDA2ED100D398C0 /* GalleryView.swift */,
				9575A58E2CDA3E2800D398C0 /* MainView.swift */,
			);
			path = App;
			sourceTree = "<group>";
		};
/* End PBXGroup section */

/* Begin PBXNativeTarget section */
		9575A5552CDA2BDE00D398C0 /* Africa */ = {
			isa = PBXNativeTarget;
			buildConfigurationList = 9575A5652CDA2BE000D398C0 /* Build configuration list for PBXNativeTarget "Africa" */;
			buildPhases = (
				9575A5522CDA2BDE00D398C0 /* Sources */,
				9575A5532CDA2BDE00D398C0 /* Frameworks */,
				9575A5542CDA2BDE00D398C0 /* Resources */,
			);
			buildRules = (
			);
			dependencies = (
			);
			name = Africa;
			productName = Africa;
			productReference = 9575A5562CDA2BDE00D398C0 /* Africa.app */;
			productType = "com.apple.product-type.application";
		};
/* End PBXNativeTarget section */

/* Begin PBXProject section */
		9575A54E2CDA2BDE00D398C0 /* Project object */ = {
			isa = PBXProject;
			attributes = {
				BuildIndependentTargetsInParallel = 1;
				LastSwiftUpdateCheck = 1540;
				LastUpgradeCheck = 1540;
				TargetAttributes = {
					9575A5552CDA2BDE00D398C0 = {
						CreatedOnToolsVersion = 15.4;
					};
				};
			};
			buildConfigurationList = 9575A5512CDA2BDE00D398C0 /* Build configuration list for PBXProject "Africa" */;
			compatibilityVersion = "Xcode 14.0";
			developmentRegion = en;
			hasScannedForEncodings = 0;
			knownRegions = (
				en,
				Base,
			);
			mainGroup = 9575A54D2CDA2BDE00D398C0;
			productRefGroup = 9575A5572CDA2BDE00D398C0 /* Products */;
			projectDirPath = "";
			projectRoot = "";
			targets = (
				9575A5552CDA2BDE00D398C0 /* Africa */,
			);
		};
/* End PBXProject section */

/* Begin PBXResourcesBuildPhase section */
		9575A5542CDA2BDE00D398C0 /* Resources */ = {
			isa = PBXResourcesBuildPhase;
			buildActionMask = 2147483647;
			files = (
				9575A5842CDA2D8600D398C0 /* animals.json in Resources */,
				9575A5822CDA2D8600D398C0 /* locations.json in Resources */,
				9575A5742CDA2D4B00D398C0 /* elephant.mp4 in Resources */,
				9575A5792CDA2D4B00D398C0 /* gorilla.mp4 in Resources */,
				9575A5782CDA2D4B00D398C0 /* lion.mp4 in Resources */,
				9575A5622CDA2BE000D398C0 /* Preview Assets.xcassets in Resources */,
				9575A5752CDA2D4B00D398C0 /* lioness.mp4 in Resources */,
				9575A55E2CDA2BE000D398C0 /* Assets.xcassets in Resources */,
				9575A5832CDA2D8600D398C0 /* covers.json in Resources */,
				9575A57C2CDA2D4B00D398C0 /* ostrich.mp4 in Resources */,
				9575A57B2CDA2D4B00D398C0 /* zebra.mp4 in Resources */,
				9575A57A2CDA2D4B00D398C0 /* cheetah.mp4 in Resources */,
				9575A5772CDA2D4B00D398C0 /* rhino.mp4 in Resources */,
				9575A5852CDA2D8600D398C0 /* videos.json in Resources */,
				9575A5762CDA2D4B00D398C0 /* hippo.mp4 in Resources */,
				9575A5732CDA2D4B00D398C0 /* giraffe.mp4 in Resources */,
			);
			runOnlyForDeploymentPostprocessing = 0;
		};
/* End PBXResourcesBuildPhase section */

/* Begin PBXSourcesBuildPhase section */
		9575A5522CDA2BDE00D398C0 /* Sources */ = {
			isa = PBXSourcesBuildPhase;
			buildActionMask = 2147483647;
			files = (
				9575A55C2CDA2BDE00D398C0 /* ContentView.swift in Sources */,
				9575A58F2CDA3E2800D398C0 /* MainView.swift in Sources */,
				9575A58B2CDA2EC500D398C0 /* MapView.swift in Sources */,
				9575A55A2CDA2BDE00D398C0 /* AfricaApp.swift in Sources */,
				9575A5892CDA2EBB00D398C0 /* VideoListView.swift in Sources */,
				9575A58D2CDA2ED100D398C0 /* GalleryView.swift in Sources */,
			);
			runOnlyForDeploymentPostprocessing = 0;
		};
/* End PBXSourcesBuildPhase section */

/* Begin XCBuildConfiguration section */
		9575A5632CDA2BE000D398C0 /* Debug */ = {
			isa = XCBuildConfiguration;
			buildSettings = {
				ALWAYS_SEARCH_USER_PATHS = NO;
				ASSETCATALOG_COMPILER_GENERATE_SWIFT_ASSET_SYMBOL_EXTENSIONS = YES;
				CLANG_ANALYZER_NONNULL = YES;
				CLANG_ANALYZER_NUMBER_OBJECT_CONVERSION = YES_AGGRESSIVE;
				CLANG_CXX_LANGUAGE_STANDARD = "gnu++20";
				CLANG_ENABLE_MODULES = YES;
				CLANG_ENABLE_OBJC_ARC = YES;
				CLANG_ENABLE_OBJC_WEAK = YES;
				CLANG_WARN_BLOCK_CAPTURE_AUTORELEASING = YES;
				CLANG_WARN_BOOL_CONVERSION = YES;
				CLANG_WARN_COMMA = YES;
				CLANG_WARN_CONSTANT_CONVERSION = YES;
				CLANG_WARN_DEPRECATED_OBJC_IMPLEMENTATIONS = YES;
				CLANG_WARN_DIRECT_OBJC_ISA_USAGE = YES_ERROR;
				CLANG_WARN_DOCUMENTATION_COMMENTS = YES;
				CLANG_WARN_EMPTY_BODY = YES;
				CLANG_WARN_ENUM_CONVERSION = YES;
				CLANG_WARN_INFINITE_RECURSION = YES;
				CLANG_WARN_INT_CONVERSION = YES;
				CLANG_WARN_NON_LITERAL_NULL_CONVERSION = YES;
				CLANG_WARN_OBJC_IMPLICIT_RETAIN_SELF = YES;
				CLANG_WARN_OBJC_LITERAL_CONVERSION = YES;
				CLANG_WARN_OBJC_ROOT_CLASS = YES_ERROR;
				CLANG_WARN_QUOTED_INCLUDE_IN_FRAMEWORK_HEADER = YES;
				CLANG_WARN_RANGE_LOOP_ANALYSIS = YES;
				CLANG_WARN_STRICT_PROTOTYPES = YES;
				CLANG_WARN_SUSPICIOUS_MOVE = YES;
				CLANG_WARN_UNGUARDED_AVAILABILITY = YES_AGGRESSIVE;
				CLANG_WARN_UNREACHABLE_CODE = YES;
				CLANG_WARN__DUPLICATE_METHOD_MATCH = YES;
				COPY_PHASE_STRIP = NO;
				DEBUG_INFORMATION_FORMAT = dwarf;
				ENABLE_STRICT_OBJC_MSGSEND = YES;
				ENABLE_TESTABILITY = YES;
				ENABLE_USER_SCRIPT_SANDBOXING = YES;
				GCC_C_LANGUAGE_STANDARD = gnu17;
				GCC_DYNAMIC_NO_PIC = NO;
				GCC_NO_COMMON_BLOCKS = YES;
				GCC_OPTIMIZATION_LEVEL = 0;
				GCC_PREPROCESSOR_DEFINITIONS = (
					"DEBUG=1",
					"$(inherited)",
				);
				GCC_WARN_64_TO_32_BIT_CONVERSION = YES;
				GCC_WARN_ABOUT_RETURN_TYPE = YES_ERROR;
				GCC_WARN_UNDECLARED_SELECTOR = YES;
				GCC_WARN_UNINITIALIZED_AUTOS = YES_AGGRESSIVE;
				GCC_WARN_UNUSED_FUNCTION = YES;
				GCC_WARN_UNUSED_VARIABLE = YES;
				LOCALIZATION_PREFERS_STRING_CATALOGS = YES;
				MTL_ENABLE_DEBUG_INFO = INCLUDE_SOURCE;
				MTL_FAST_MATH = YES;
				ONLY_ACTIVE_ARCH = YES;
				SWIFT_ACTIVE_COMPILATION_CONDITIONS = "DEBUG $(inherited)";
				SWIFT_OPTIMIZATION_LEVEL = "-Onone";
			};
			name = Debug;
		};
		9575A5642CDA2BE000D398C0 /* Release */ = {
			isa = XCBuildConfiguration;
			buildSettings = {
				ALWAYS_SEARCH_USER_PATHS = NO;
				ASSETCATALOG_COMPILER_GENERATE_SWIFT_ASSET_SYMBOL_EXTENSIONS = YES;
				CLANG_ANALYZER_NONNULL = YES;
				CLANG_ANALYZER_NUMBER_OBJECT_CONVERSION = YES_AGGRESSIVE;
				CLANG_CXX_LANGUAGE_STANDARD = "gnu++20";
				CLANG_ENABLE_MODULES = YES;
				CLANG_ENABLE_OBJC_ARC = YES;
				CLANG_ENABLE_OBJC_WEAK = YES;
				CLANG_WARN_BLOCK_CAPTURE_AUTORELEASING = YES;
				CLANG_WARN_BOOL_CONVERSION = YES;
				CLANG_WARN_COMMA = YES;
				CLANG_WARN_CONSTANT_CONVERSION = YES;
				CLANG_WARN_DEPRECATED_OBJC_IMPLEMENTATIONS = YES;
				CLANG_WARN_DIRECT_OBJC_ISA_USAGE = YES_ERROR;
				CLANG_WARN_DOCUMENTATION_COMMENTS = YES;
				CLANG_WARN_EMPTY_BODY = YES;
				CLANG_WARN_ENUM_CONVERSION = YES;
				CLANG_WARN_INFINITE_RECURSION = YES;
				CLANG_WARN_INT_CONVERSION = YES;
				CLANG_WARN_NON_LITERAL_NULL_CONVERSION = YES;
				CLANG_WARN_OBJC_IMPLICIT_RETAIN_SELF = YES;
				CLANG_WARN_OBJC_LITERAL_CONVERSION = YES;
				CLANG_WARN_OBJC_ROOT_CLASS = YES_ERROR;
				CLANG_WARN_QUOTED_INCLUDE_IN_FRAMEWORK_HEADER = YES;
				CLANG_WARN_RANGE_LOOP_ANALYSIS = YES;
				CLANG_WARN_STRICT_PROTOTYPES = YES;
				CLANG_WARN_SUSPICIOUS_MOVE = YES;
				CLANG_WARN_UNGUARDED_AVAILABILITY = YES_AGGRESSIVE;
				CLANG_WARN_UNREACHABLE_CODE = YES;
				CLANG_WARN__DUPLICATE_METHOD_MATCH = YES;
				COPY_PHASE_STRIP = NO;
				DEBUG_INFORMATION_FORMAT = "dwarf-with-dsym";
				ENABLE_NS_ASSERTIONS = NO;
				ENABLE_STRICT_OBJC_MSGSEND = YES;
				ENABLE_USER_SCRIPT_SANDBOXING = YES;
				GCC_C_LANGUAGE_STANDARD = gnu17;
				GCC_NO_COMMON_BLOCKS = YES;
				GCC_WARN_64_TO_32_BIT_CONVERSION = YES;
				GCC_WARN_ABOUT_RETURN_TYPE = YES_ERROR;
				GCC_WARN_UNDECLARED_SELECTOR = YES;
				GCC_WARN_UNINITIALIZED_AUTOS = YES_AGGRESSIVE;
				GCC_WARN_UNUSED_FUNCTION = YES;
				GCC_WARN_UNUSED_VARIABLE = YES;
				LOCALIZATION_PREFERS_STRING_CATALOGS = YES;
				MTL_ENABLE_DEBUG_INFO = NO;
				MTL_FAST_MATH = YES;
				SWIFT_COMPILATION_MODE = wholemodule;
			};
			name = Release;
		};
		9575A5662CDA2BE000D398C0 /* Debug */ = {
			isa = XCBuildConfiguration;
			buildSettings = {
				ASSETCATALOG_COMPILER_APPICON_NAME = AppIcon;
				ASSETCATALOG_COMPILER_GLOBAL_ACCENT_COLOR_NAME = AccentColor;
				CODE_SIGN_ENTITLEMENTS = Africa/Africa.entitlements;
				CODE_SIGN_STYLE = Automatic;
				CURRENT_PROJECT_VERSION = 1;
				DEVELOPMENT_ASSET_PATHS = "\"Africa/Preview Content\"";
				ENABLE_PREVIEWS = YES;
				GENERATE_INFOPLIST_FILE = YES;
				INFOPLIST_FILE = Africa/Info.plist;
				"INFOPLIST_KEY_UIApplicationSceneManifest_Generation[sdk=iphoneos*]" = YES;
				"INFOPLIST_KEY_UIApplicationSceneManifest_Generation[sdk=iphonesimulator*]" = YES;
				"INFOPLIST_KEY_UIApplicationSupportsIndirectInputEvents[sdk=iphoneos*]" = YES;
				"INFOPLIST_KEY_UIApplicationSupportsIndirectInputEvents[sdk=iphonesimulator*]" = YES;
				"INFOPLIST_KEY_UILaunchScreen_Generation[sdk=iphoneos*]" = YES;
				"INFOPLIST_KEY_UILaunchScreen_Generation[sdk=iphonesimulator*]" = YES;
				"INFOPLIST_KEY_UIStatusBarStyle[sdk=iphoneos*]" = UIStatusBarStyleDefault;
				"INFOPLIST_KEY_UIStatusBarStyle[sdk=iphonesimulator*]" = UIStatusBarStyleDefault;
				INFOPLIST_KEY_UISupportedInterfaceOrientations_iPad = "UIInterfaceOrientationPortrait UIInterfaceOrientationPortraitUpsideDown UIInterfaceOrientationLandscapeLeft UIInterfaceOrientationLandscapeRight";
				INFOPLIST_KEY_UISupportedInterfaceOrientations_iPhone = "UIInterfaceOrientationPortrait UIInterfaceOrientationLandscapeLeft UIInterfaceOrientationLandscapeRight";
				INFOPLIST_KEY_UIUserInterfaceStyle = Dark;
				IPHONEOS_DEPLOYMENT_TARGET = 17.5;
				LD_RUNPATH_SEARCH_PATHS = "@executable_path/Frameworks";
				"LD_RUNPATH_SEARCH_PATHS[sdk=macosx*]" = "@executable_path/../Frameworks";
				MACOSX_DEPLOYMENT_TARGET = 14.5;
				MARKETING_VERSION = 1.0;
				PRODUCT_BUNDLE_IDENTIFIER = com.singgih.Africa;
				PRODUCT_NAME = "$(TARGET_NAME)";
				SDKROOT = auto;
				SUPPORTED_PLATFORMS = "iphoneos iphonesimulator macosx";
				SWIFT_EMIT_LOC_STRINGS = YES;
				SWIFT_VERSION = 5.0;
				TARGETED_DEVICE_FAMILY = "1,2";
			};
			name = Debug;
		};
		9575A5672CDA2BE000D398C0 /* Release */ = {
			isa = XCBuildConfiguration;
			buildSettings = {
				ASSETCATALOG_COMPILER_APPICON_NAME = AppIcon;
				ASSETCATALOG_COMPILER_GLOBAL_ACCENT_COLOR_NAME = AccentColor;
				CODE_SIGN_ENTITLEMENTS = Africa/Africa.entitlements;
				CODE_SIGN_STYLE = Automatic;
				CURRENT_PROJECT_VERSION = 1;
				DEVELOPMENT_ASSET_PATHS = "\"Africa/Preview Content\"";
				ENABLE_PREVIEWS = YES;
				GENERATE_INFOPLIST_FILE = YES;
				INFOPLIST_FILE = Africa/Info.plist;
				"INFOPLIST_KEY_UIApplicationSceneManifest_Generation[sdk=iphoneos*]" = YES;
				"INFOPLIST_KEY_UIApplicationSceneManifest_Generation[sdk=iphonesimulator*]" = YES;
				"INFOPLIST_KEY_UIApplicationSupportsIndirectInputEvents[sdk=iphoneos*]" = YES;
				"INFOPLIST_KEY_UIApplicationSupportsIndirectInputEvents[sdk=iphonesimulator*]" = YES;
				"INFOPLIST_KEY_UILaunchScreen_Generation[sdk=iphoneos*]" = YES;
				"INFOPLIST_KEY_UILaunchScreen_Generation[sdk=iphonesimulator*]" = YES;
				"INFOPLIST_KEY_UIStatusBarStyle[sdk=iphoneos*]" = UIStatusBarStyleDefault;
				"INFOPLIST_KEY_UIStatusBarStyle[sdk=iphonesimulator*]" = UIStatusBarStyleDefault;
				INFOPLIST_KEY_UISupportedInterfaceOrientations_iPad = "UIInterfaceOrientationPortrait UIInterfaceOrientationPortraitUpsideDown UIInterfaceOrientationLandscapeLeft UIInterfaceOrientationLandscapeRight";
				INFOPLIST_KEY_UISupportedInterfaceOrientations_iPhone = "UIInterfaceOrientationPortrait UIInterfaceOrientationLandscapeLeft UIInterfaceOrientationLandscapeRight";
				INFOPLIST_KEY_UIUserInterfaceStyle = Dark;
				IPHONEOS_DEPLOYMENT_TARGET = 17.5;
				LD_RUNPATH_SEARCH_PATHS = "@executable_path/Frameworks";
				"LD_RUNPATH_SEARCH_PATHS[sdk=macosx*]" = "@executable_path/../Frameworks";
				MACOSX_DEPLOYMENT_TARGET = 14.5;
				MARKETING_VERSION = 1.0;
				PRODUCT_BUNDLE_IDENTIFIER = com.singgih.Africa;
				PRODUCT_NAME = "$(TARGET_NAME)";
				SDKROOT = auto;
				SUPPORTED_PLATFORMS = "iphoneos iphonesimulator macosx";
				SWIFT_EMIT_LOC_STRINGS = YES;
				SWIFT_VERSION = 5.0;
				TARGETED_DEVICE_FAMILY = "1,2";
			};
			name = Release;
		};
/* End XCBuildConfiguration section */

/* Begin XCConfigurationList section */
		9575A5512CDA2BDE00D398C0 /* Build configuration list for PBXProject "Africa" */ = {
			isa = XCConfigurationList;
			buildConfigurations = (
				9575A5632CDA2BE000D398C0 /* Debug */,
				9575A5642CDA2BE000D398C0 /* Release */,
			);
			defaultConfigurationIsVisible = 0;
			defaultConfigurationName = Release;
		};
		9575A5652CDA2BE000D398C0 /* Build configuration list for PBXNativeTarget "Africa" */ = {
			isa = XCConfigurationList;
			buildConfigurations = (
				9575A5662CDA2BE000D398C0 /* Debug */,
				9575A5672CDA2BE000D398C0 /* Release */,
			);
			defaultConfigurationIsVisible = 0;
			defaultConfigurationName = Release;
		};
/* End XCConfigurationList section */
	};
	rootObject = 9575A54E2CDA2BDE00D398C0 /* Project object */;
}
